#MicroXplorer Configuration settings - do not modify
ADC1.Channel-0\#ChannelRegularConversion=ADC_CHANNEL_6
ADC1.Channel-1\#ChannelRegularConversion=ADC_CHANNEL_VREFINT
ADC1.ClockPrescaler=ADC_CLOCK_ASYNC_DIV4
ADC1.CommonPathInternal=ADC_CHANNEL_VREFINT|null|null|null
ADC1.ContinuousConvMode=ENABLE
ADC1.DMAContinuousRequests=ENABLE
ADC1.DiscontinuousConvMode=DISABLE
ADC1.EOCSelection=ADC_EOC_SEQ_CONV
ADC1.IPParameters=Rank-0\#ChannelRegularConversion,Channel-0\#ChannelRegularConversion,SamplingTime-0\#ChannelRegularConversion,OffsetNumber-0\#ChannelRegularConversion,NbrOfConversionFlag,Resolution,NbrOfConversion,DiscontinuousConvMode,ContinuousConvMode,Rank-1\#ChannelRegularConversion,Channel-1\#ChannelRegularConversion,SamplingTime-1\#ChannelRegularConversion,OffsetNumber-1\#ChannelRegularConversion,EOCSelection,DMAContinuousRequests,ClockPrescaler,master,CommonPathInternal
ADC1.NbrOfConversion=2
ADC1.NbrOfConversionFlag=1
ADC1.OffsetNumber-0\#ChannelRegularConversion=ADC_OFFSET_NONE
ADC1.OffsetNumber-1\#ChannelRegularConversion=ADC_OFFSET_NONE
ADC1.Rank-0\#ChannelRegularConversion=1
ADC1.Rank-1\#ChannelRegularConversion=2
ADC1.Resolution=ADC_RESOLUTION_12B
ADC1.SamplingTime-0\#ChannelRegularConversion=ADC_SAMPLETIME_92CYCLES_5
ADC1.SamplingTime-1\#ChannelRegularConversion=ADC_SAMPLETIME_92CYCLES_5
ADC1.master=1
CAD.formats=
CAD.pinconfig=
CAD.provider=
Dma.ADC1.2.Direction=DMA_PERIPH_TO_MEMORY
Dma.ADC1.2.EventEnable=DISABLE
Dma.ADC1.2.Instance=DMA1_Channel3
Dma.ADC1.2.MemDataAlignment=DMA_MDATAALIGN_HALFWORD
Dma.ADC1.2.MemInc=DMA_MINC_ENABLE
Dma.ADC1.2.Mode=DMA_CIRCULAR
Dma.ADC1.2.PeriphDataAlignment=DMA_PDATAALIGN_HALFWORD
Dma.ADC1.2.PeriphInc=DMA_PINC_DISABLE
Dma.ADC1.2.Polarity=HAL_DMAMUX_REQ_GEN_RISING
Dma.ADC1.2.Priority=DMA_PRIORITY_LOW
Dma.ADC1.2.RequestNumber=1
Dma.ADC1.2.RequestParameters=Instance,Direction,PeriphInc,MemInc,PeriphDataAlignment,MemDataAlignment,Mode,Priority,SignalID,Polarity,RequestNumber,SyncSignalID,SyncPolarity,SyncEnable,EventEnable,SyncRequestNumber
Dma.ADC1.2.SignalID=NONE
Dma.ADC1.2.SyncEnable=DISABLE
Dma.ADC1.2.SyncPolarity=HAL_DMAMUX_SYNC_NO_EVENT
Dma.ADC1.2.SyncRequestNumber=1
Dma.ADC1.2.SyncSignalID=NONE
Dma.Request0=SPI2_RX
Dma.Request1=SPI2_TX
Dma.Request2=ADC1
Dma.RequestsNb=3
Dma.SPI2_RX.0.Direction=DMA_PERIPH_TO_MEMORY
Dma.SPI2_RX.0.EventEnable=DISABLE
Dma.SPI2_RX.0.Instance=DMA1_Channel1
Dma.SPI2_RX.0.MemDataAlignment=DMA_MDATAALIGN_BYTE
Dma.SPI2_RX.0.MemInc=DMA_MINC_ENABLE
Dma.SPI2_RX.0.Mode=DMA_NORMAL
Dma.SPI2_RX.0.PeriphDataAlignment=DMA_PDATAALIGN_BYTE
Dma.SPI2_RX.0.PeriphInc=DMA_PINC_DISABLE
Dma.SPI2_RX.0.Polarity=HAL_DMAMUX_REQ_GEN_RISING
Dma.SPI2_RX.0.Priority=DMA_PRIORITY_LOW
Dma.SPI2_RX.0.RequestNumber=1
Dma.SPI2_RX.0.RequestParameters=Instance,Direction,PeriphInc,MemInc,PeriphDataAlignment,MemDataAlignment,Mode,Priority,SignalID,Polarity,RequestNumber,SyncSignalID,SyncPolarity,SyncEnable,EventEnable,SyncRequestNumber
Dma.SPI2_RX.0.SignalID=NONE
Dma.SPI2_RX.0.SyncEnable=DISABLE
Dma.SPI2_RX.0.SyncPolarity=HAL_DMAMUX_SYNC_NO_EVENT
Dma.SPI2_RX.0.SyncRequestNumber=1
Dma.SPI2_RX.0.SyncSignalID=NONE
Dma.SPI2_TX.1.Direction=DMA_MEMORY_TO_PERIPH
Dma.SPI2_TX.1.EventEnable=DISABLE
Dma.SPI2_TX.1.Instance=DMA1_Channel2
Dma.SPI2_TX.1.MemDataAlignment=DMA_MDATAALIGN_BYTE
Dma.SPI2_TX.1.MemInc=DMA_MINC_ENABLE
Dma.SPI2_TX.1.Mode=DMA_NORMAL
Dma.SPI2_TX.1.PeriphDataAlignment=DMA_PDATAALIGN_BYTE
Dma.SPI2_TX.1.PeriphInc=DMA_PINC_DISABLE
Dma.SPI2_TX.1.Polarity=HAL_DMAMUX_REQ_GEN_RISING
Dma.SPI2_TX.1.Priority=DMA_PRIORITY_LOW
Dma.SPI2_TX.1.RequestNumber=1
Dma.SPI2_TX.1.RequestParameters=Instance,Direction,PeriphInc,MemInc,PeriphDataAlignment,MemDataAlignment,Mode,Priority,SignalID,Polarity,RequestNumber,SyncSignalID,SyncPolarity,SyncEnable,EventEnable,SyncRequestNumber
Dma.SPI2_TX.1.SignalID=NONE
Dma.SPI2_TX.1.SyncEnable=DISABLE
Dma.SPI2_TX.1.SyncPolarity=HAL_DMAMUX_SYNC_NO_EVENT
Dma.SPI2_TX.1.SyncRequestNumber=1
Dma.SPI2_TX.1.SyncSignalID=NONE
FREERTOS.INCLUDE_xEventGroupSetBitFromISR=1
FREERTOS.IPParameters=Tasks01,configTOTAL_HEAP_SIZE,configUSE_IDLE_HOOK,configCHECK_FOR_STACK_OVERFLOW,INCLUDE_xEventGroupSetBitFromISR,configUSE_NEWLIB_REENTRANT
FREERTOS.Tasks01=defaultTask,24,128,StartDefaultTask,Default,NULL,Dynamic,NULL,NULL
FREERTOS.configCHECK_FOR_STACK_OVERFLOW=2
FREERTOS.configTOTAL_HEAP_SIZE=65536
FREERTOS.configUSE_IDLE_HOOK=1
FREERTOS.configUSE_NEWLIB_REENTRANT=1
File.Version=6
GPIO.groupedBy=Group By Peripherals
KeepUserPlacement=false
MMTAppRegionsCount=0
MMTConfigApplied=false
Mcu.CPN=STM32WB55VGY6TR
Mcu.Family=STM32WB
Mcu.IP0=ADC1
Mcu.IP1=DMA
Mcu.IP10=RNG
Mcu.IP11=RTC
Mcu.IP12=SPI1
Mcu.IP13=SPI2
Mcu.IP14=STM32_WPAN
Mcu.IP15=SYS
Mcu.IP16=TIM1
Mcu.IP17=TIM2
Mcu.IP18=TIM16
Mcu.IP19=TINY_LPM
Mcu.IP2=FATFS
Mcu.IP20=USART1
Mcu.IP3=FREERTOS
Mcu.IP4=HSEM
Mcu.IP5=IPCC
Mcu.IP6=MEMORYMAP
Mcu.IP7=NVIC
Mcu.IP8=RCC
Mcu.IP9=RF
Mcu.IPNb=21
Mcu.Name=STM32WB55VGYx
Mcu.Package=WLCSP100
Mcu.Pin0=PA14
Mcu.Pin1=PA15
Mcu.Pin10=PC15-OSC32_OUT
Mcu.Pin11=PC14-OSC32_IN
Mcu.Pin12=PB14
Mcu.Pin13=PB15
Mcu.Pin14=PC8
Mcu.Pin15=PB6
Mcu.Pin16=PE3
Mcu.Pin17=PB12
Mcu.Pin18=PA1
Mcu.Pin19=PB1
Mcu.Pin2=PA13
Mcu.Pin20=PA7
Mcu.Pin21=PA6
Mcu.Pin22=OSC_IN
Mcu.Pin23=OSC_OUT
Mcu.Pin24=PB11
Mcu.Pin25=RF1
Mcu.Pin26=PB10
Mcu.Pin27=VP_ADC1_Vref_Input
Mcu.Pin28=VP_FATFS_VS_Generic
Mcu.Pin29=VP_FREERTOS_VS_CMSIS_V2
Mcu.Pin3=PB3
Mcu.Pin30=VP_HSEM_VS_HSEM
Mcu.Pin31=VP_IPCC_VS_IPCC
Mcu.Pin32=VP_RNG_VS_RNG
Mcu.Pin33=VP_RTC_VS_RTC_Activate
Mcu.Pin34=VP_RTC_VS_RTC_Calendar
Mcu.Pin35=VP_RTC_VS_RTC_WakeUp_intern
Mcu.Pin36=VP_STM32_WPAN_VS_BLE_HOST
Mcu.Pin37=VP_SYS_VS_tim17
Mcu.Pin38=VP_TIM16_VS_ClockSourceINT
Mcu.Pin39=VP_TINY_LPM_VS_TINY_LPM
Mcu.Pin4=PD3
Mcu.Pin40=VP_MEMORYMAP_VS_MEMORYMAP
Mcu.Pin5=PD1
Mcu.Pin6=PD0
Mcu.Pin7=PD13
Mcu.Pin8=PB7
Mcu.Pin9=PD14
Mcu.PinsNb=41
Mcu.ThirdPartyNb=0
Mcu.UserConstants=
Mcu.UserName=STM32WB55VGYx
MxCube.Version=6.11.1
MxDb.Version=DB.6.0.111
NVIC.ADC1_IRQn=true\:15\:0\:true\:false\:true\:true\:true\:true\:true
NVIC.BusFault_IRQn=true\:0\:0\:false\:false\:true\:false\:false\:false\:false
NVIC.C2SEV_PWR_C2H_IRQn=true\:5\:0\:false\:false\:true\:true\:true\:false\:true
NVIC.DMA1_Channel1_IRQn=true\:5\:0\:false\:false\:true\:true\:false\:true\:true
NVIC.DMA1_Channel2_IRQn=true\:5\:0\:false\:false\:true\:true\:false\:true\:true
NVIC.DMA1_Channel3_IRQn=true\:5\:0\:false\:false\:true\:true\:false\:true\:true
NVIC.DebugMonitor_IRQn=true\:0\:0\:false\:false\:true\:false\:false\:false\:false
NVIC.EXTI0_IRQn=true\:5\:0\:true\:false\:true\:false\:true\:true\:true
NVIC.ForceEnableDMAVector=true
NVIC.HSEM_IRQn=true\:5\:0\:false\:false\:true\:true\:false\:true\:true
NVIC.HardFault_IRQn=true\:0\:0\:false\:false\:true\:false\:false\:false\:false
NVIC.IPCC_C1_RX_IRQn=true\:5\:0\:false\:false\:true\:true\:true\:true\:true
NVIC.IPCC_C1_TX_IRQn=true\:5\:0\:false\:false\:true\:true\:true\:true\:true
NVIC.MemoryManagement_IRQn=true\:0\:0\:false\:false\:true\:false\:false\:false\:false
NVIC.NonMaskableInt_IRQn=true\:0\:0\:false\:false\:true\:false\:false\:false\:false
NVIC.PendSV_IRQn=true\:15\:0\:false\:false\:false\:true\:false\:false\:false
NVIC.PriorityGroup=NVIC_PRIORITYGROUP_4
NVIC.RTC_WKUP_IRQn=true\:5\:0\:false\:false\:true\:true\:true\:true\:true
NVIC.SVCall_IRQn=true\:0\:0\:false\:false\:false\:false\:false\:false\:false
NVIC.SavedPendsvIrqHandlerGenerated=true
NVIC.SavedSvcallIrqHandlerGenerated=true
NVIC.SavedSystickIrqHandlerGenerated=true
NVIC.SysTick_IRQn=true\:15\:0\:false\:false\:false\:true\:false\:true\:false
NVIC.TIM1_TRG_COM_TIM17_IRQn=true\:15\:0\:false\:false\:true\:false\:false\:true\:true
NVIC.TIM1_UP_TIM16_IRQn=true\:15\:0\:true\:false\:true\:true\:true\:true\:true
NVIC.TimeBase=TIM1_TRG_COM_TIM17_IRQn
NVIC.TimeBaseIP=TIM17
NVIC.USART1_IRQn=true\:5\:0\:false\:false\:true\:true\:true\:true\:true
NVIC.UsageFault_IRQn=true\:0\:0\:false\:false\:true\:false\:false\:false\:false
OSC_IN.Mode=HSE-External-Oscillator
OSC_IN.Signal=RCC_OSC_IN
OSC_OUT.Mode=HSE-External-Oscillator
OSC_OUT.Signal=RCC_OSC_OUT
PA1.Signal=ADCx_IN6
PA13.Mode=Serial_Wire
PA13.Signal=SYS_JTMS-SWDIO
PA14.Mode=Serial_Wire
PA14.Signal=SYS_JTCK-SWCLK
PA15.Signal=S_TIM2_CH1
PA6.Locked=true
PA6.Mode=Full_Duplex_Master
PA6.Signal=SPI1_MISO
PA7.Locked=true
PA7.Mode=Full_Duplex_Master
PA7.Signal=SPI1_MOSI
PB1.GPIOParameters=GPIO_Label
PB1.GPIO_Label=MCU_ADS_SPI_CS
PB1.Locked=true
PB1.Signal=GPIO_Output
PB10.Locked=true
PB10.Signal=S_TIM2_CH3
PB11.Signal=S_TIM2_CH4
PB12.GPIOParameters=GPIO_Label
PB12.GPIO_Label=MCU_ADS_SPI_CLKSEL
PB12.Locked=true
PB12.Signal=GPIO_Output
PB14.Locked=true
PB14.Mode=Full_Duplex_Master
PB14.Signal=SPI2_MISO
PB15.Locked=true
PB15.Mode=Full_Duplex_Master
PB15.Signal=SPI2_MOSI
PB3.Mode=Full_Duplex_Master
PB3.Signal=SPI1_SCK
PB6.Mode=Asynchronous
PB6.Signal=USART1_TX
PB7.Locked=true
PB7.Mode=Asynchronous
PB7.Signal=USART1_RX
PC14-OSC32_IN.Mode=LSE-External-Oscillator
PC14-OSC32_IN.Signal=RCC_OSC32_IN
PC15-OSC32_OUT.Mode=LSE-External-Oscillator
PC15-OSC32_OUT.Signal=RCC_OSC32_OUT
PC8.GPIOParameters=GPIO_Label
PC8.GPIO_Label=MCU_ADS_SPI_START
PC8.Locked=true
PC8.Signal=GPIO_Output
PCC.Ble.ConnectionInterval=1000.0
PCC.Ble.DataLength=6
PCC.Ble.IsUsed=false
PCC.Ble.Mode=NOT_SELECTED
PCC.Ble.PowerLevel=Min
PCC.Zigbee.IsUsed=false
PCC.Zigbee.Mode=Sleepy End Device
PCC.Zigbee.Payload=15
PCC.Zigbee.PoolPeriodicity=480.0
PCC.Zigbee.PowerLevel=Min
PCC.Zigbee.RequestPeriodicity=1500.0
PD0.GPIOParameters=GPIO_Label
PD0.GPIO_Label=MCU_ADS_SPI_DRDY
PD0.Locked=true
PD0.Signal=GPXTI0
PD1.Locked=true
PD1.Mode=Full_Duplex_Master
PD1.Signal=SPI2_SCK
PD13.GPIOParameters=GPIO_Label
PD13.GPIO_Label=MCU_SD_SPI_CS
PD13.Locked=true
PD13.Signal=GPIO_Output
PD14.Signal=S_TIM1_CH1
PD3.GPIOParameters=GPIO_Label
PD3.GPIO_Label=MCU_SD_Detect
PD3.Locked=true
PD3.Signal=GPXTI3
PE3.GPIOParameters=GPIO_Label
PE3.GPIO_Label=MCU_ADS_SPI_PWDN_RESET
PE3.Locked=true
PE3.Signal=GPIO_Output
PinOutPanel.CurrentBGAView=Top
PinOutPanel.RotationAngle=0
ProjectManager.AskForMigrate=true
ProjectManager.BackupPrevious=false
ProjectManager.CompilerOptimize=6
ProjectManager.ComputerToolchain=false
ProjectManager.CoupleFile=false
ProjectManager.CustomerFirmwarePackage=
ProjectManager.DefaultFWLocation=true
ProjectManager.DeletePrevious=true
ProjectManager.DeviceId=STM32WB55VGYx
ProjectManager.FirmwarePackage=STM32Cube FW_WB V1.19.0
ProjectManager.FreePins=false
ProjectManager.HalAssertFull=false
ProjectManager.HeapSize=0x200
ProjectManager.KeepUserCode=true
ProjectManager.LastFirmware=true
ProjectManager.LibraryCopy=1
ProjectManager.MainLocation=Core/Src
ProjectManager.NoMain=false
ProjectManager.PreviousToolchain=
ProjectManager.ProjectBuild=false
ProjectManager.ProjectFileName=LW_Lambda_v1.4.ioc
ProjectManager.ProjectName=LW_Lambda_v1.4
ProjectManager.ProjectStructure=
ProjectManager.RegisterCallBack=
ProjectManager.StackSize=0x400
ProjectManager.TargetToolchain=STM32CubeIDE
ProjectManager.ToolChainLocation=
ProjectManager.UAScriptAfterPath=
ProjectManager.UAScriptBeforePath=
ProjectManager.UnderRoot=true
ProjectManager.functionlistsort=1-SystemClock_Config-RCC-false-HAL-false,2-MX_GPIO_Init-GPIO-false-HAL-true,3-MX_DMA_Init-DMA-false-HAL-true,4-MX_RTC_Init-RTC-false-HAL-true,5-MX_TIM1_Init-TIM1-false-HAL-true,6-MX_TIM2_Init-TIM2-false-HAL-true,7-MX_TIM16_Init-TIM16-false-HAL-true,8-MX_RNG_Init-RNG-false-HAL-true,9-APPE_Init-STM32_WPAN-false-HAL-false,10-MX_IPCC_Init-IPCC-false-HAL-true,11-MX_SPI2_Init-SPI2-false-HAL-true,12-MX_ADC1_Init-ADC1-false-HAL-true,13-MX_SPI1_Init-SPI1-false-HAL-true,14-MX_FATFS_Init-FATFS-false-HAL-false,15-MX_USART1_UART_Init-USART1-false-HAL-true,0-MX_HSEM_Init-HSEM-false-HAL-true,0-MX_RF_Init-RF-false-HAL-true
RCC.ADCFreq_Value=64000000
RCC.AHBFreq_Value=32000000
RCC.APB1Freq_Value=32000000
RCC.APB1TimFreq_Value=32000000
RCC.APB2Freq_Value=32000000
RCC.APB2TimFreq_Value=32000000
RCC.APB3Freq_Value=16000000
RCC.Cortex2Freq_Value=32000000
RCC.CortexFreq_Value=32000000
RCC.FCLK2Freq_Value=32000000
RCC.FCLKCortexFreq_Value=32000000
RCC.FamilyName=M
RCC.HCLK2Freq_Value=32000000
RCC.HCLK3Freq_Value=32000000
RCC.HCLKFreq_Value=32000000
RCC.HCLKRFFreq_Value=16000000
RCC.HSE_VALUE=32000000
RCC.HSI48_VALUE=48000000
RCC.HSI_VALUE=16000000
RCC.I2C1Freq_Value=32000000
RCC.I2C3Freq_Value=32000000
RCC.IPParameters=ADCFreq_Value,AHBFreq_Value,APB1Freq_Value,APB1TimFreq_Value,APB2Freq_Value,APB2TimFreq_Value,APB3Freq_Value,Cortex2Freq_Value,CortexFreq_Value,FCLK2Freq_Value,FCLKCortexFreq_Value,FamilyName,HCLK2Freq_Value,HCLK3Freq_Value,HCLKFreq_Value,HCLKRFFreq_Value,HSE_VALUE,HSI48_VALUE,HSI_VALUE,I2C1Freq_Value,I2C3Freq_Value,LCDFreq_Value,LPTIM1Freq_Value,LPTIM2Freq_Value,LPUART1Freq_Value,LSCOPinFreq_Value,LSI_VALUE,MCO1PinFreq_Value,PLLM,PLLPoutputFreq_Value,PLLQoutputFreq_Value,PLLRCLKFreq_Value,PLLSAI1PoutputFreq_Value,PLLSAI1QoutputFreq_Value,PLLSAI1RoutputFreq_Value,PLLSourceVirtual,PWRFreq_Value,RFWKPClockSelection,RFWKPFreq_Value,RNGFreq_Value,RTCClockSelection,RTCFreq_Value,SAI1Freq_Value,SMPS1Freq_Value,SMPSCLockSelection,SMPSFreq_Value,SYSCLKFreq_VALUE,SYSCLKSource,USART1Freq_Value,USBFreq_Value,VCOInputFreq_Value,VCOOutputFreq_Value,VCOSAI1OutputFreq_Value
RCC.LCDFreq_Value=32768
RCC.LPTIM1Freq_Value=32000000
RCC.LPTIM2Freq_Value=32000000
RCC.LPUART1Freq_Value=32000000
RCC.LSCOPinFreq_Value=32000
RCC.LSI_VALUE=32000
RCC.MCO1PinFreq_Value=32000000
RCC.PLLM=RCC_PLLM_DIV2
RCC.PLLPoutputFreq_Value=64000000
RCC.PLLQoutputFreq_Value=64000000
RCC.PLLRCLKFreq_Value=64000000
RCC.PLLSAI1PoutputFreq_Value=64000000
RCC.PLLSAI1QoutputFreq_Value=64000000
RCC.PLLSAI1RoutputFreq_Value=64000000
RCC.PLLSourceVirtual=RCC_PLLSOURCE_HSE
RCC.PWRFreq_Value=32000000
RCC.RFWKPClockSelection=RCC_RFWKPCLKSOURCE_LSE
RCC.RFWKPFreq_Value=32768
RCC.RNGFreq_Value=32000
RCC.RTCClockSelection=RCC_RTCCLKSOURCE_LSE
RCC.RTCFreq_Value=32768
RCC.SAI1Freq_Value=64000000
RCC.SMPS1Freq_Value=16000000
RCC.SMPSCLockSelection=RCC_SMPSCLKSOURCE_HSE
RCC.SMPSFreq_Value=8000000
RCC.SYSCLKFreq_VALUE=32000000
RCC.SYSCLKSource=RCC_SYSCLKSOURCE_HSE
RCC.USART1Freq_Value=32000000
RCC.USBFreq_Value=64000000
RCC.VCOInputFreq_Value=16000000
RCC.VCOOutputFreq_Value=128000000
RCC.VCOSAI1OutputFreq_Value=128000000
RF1.Mode=RF1_Activate
RF1.Signal=RF_RF1
RTC.Date=6
RTC.Hours=11
RTC.IPParameters=WakeUpClock-WakeUp,Hours,WeekDay,Month,Date,Minutes
RTC.Minutes=32
RTC.Month=RTC_MONTH_JUNE
RTC.WakeUpClock-WakeUp=RTC_WAKEUPCLOCK_CK_SPRE_16BITS
RTC.WeekDay=RTC_WEEKDAY_THURSDAY
SH.ADCx_IN6.0=ADC1_IN6,IN6-Single-Ended
SH.ADCx_IN6.ConfNb=1
SH.GPXTI0.0=GPIO_EXTI0
SH.GPXTI0.ConfNb=1
SH.GPXTI3.0=GPIO_EXTI3
SH.GPXTI3.ConfNb=1
SH.S_TIM1_CH1.0=TIM1_CH1,PWM Generation1 CH1
SH.S_TIM1_CH1.ConfNb=1
SH.S_TIM2_CH1.0=TIM2_CH1,PWM Generation1 CH1
SH.S_TIM2_CH1.ConfNb=1
SH.S_TIM2_CH3.0=TIM2_CH3,PWM Generation3 CH3
SH.S_TIM2_CH3.ConfNb=1
SH.S_TIM2_CH4.0=TIM2_CH4,PWM Generation4 CH4
SH.S_TIM2_CH4.ConfNb=1
SPI1.BaudRatePrescaler=SPI_BAUDRATEPRESCALER_256
SPI1.CalculateBaudRate=125.0 KBits/s
SPI1.DataSize=SPI_DATASIZE_8BIT
SPI1.Direction=SPI_DIRECTION_2LINES
SPI1.IPParameters=VirtualType,Mode,Direction,CalculateBaudRate,DataSize,BaudRatePrescaler
SPI1.Mode=SPI_MODE_MASTER
SPI1.VirtualType=VM_MASTER
SPI2.BaudRatePrescaler=SPI_BAUDRATEPRESCALER_32
SPI2.CLKPhase=SPI_PHASE_2EDGE
SPI2.CalculateBaudRate=1000.0 KBits/s
SPI2.DataSize=SPI_DATASIZE_8BIT
SPI2.Direction=SPI_DIRECTION_2LINES
SPI2.IPParameters=VirtualType,Mode,Direction,CalculateBaudRate,DataSize,BaudRatePrescaler,CLKPhase
SPI2.Mode=SPI_MODE_MASTER
SPI2.VirtualType=VM_MASTER
STM32_WPAN.BLE_CFG_DIS_FIRMWARE_REVISION_STRING=1
STM32_WPAN.BLE_CFG_DIS_HARDWARE_REVISION_STRING=1
STM32_WPAN.BLE_CFG_DIS_MODEL_NUMBER_STRING=1
STM32_WPAN.BLE_CFG_DIS_SERIAL_NUMBER_STRING=1
STM32_WPAN.BLE_CFG_DIS_SOFTWARE_REVISION_STRING=1
STM32_WPAN.BLE_CFG_HRS_BODY_SENSOR_LOCATION_CHAR=0
STM32_WPAN.BLE_CFG_HRS_ENERGY_EXPENDED_INFO_FLAG=0
STM32_WPAN.BLE_CFG_HRS_ENERGY_RR_INTERVAL_FLAG=1
STM32_WPAN.BLE_CFG_SVC_MAX_NBR_CB=7
STM32_WPAN.CFG_BLE_MAX_TX_POWER=10
STM32_WPAN.CFG_BLE_MIN_TX_POWER=4
STM32_WPAN.CFG_BLE_NUM_GATT_SERVICES=15
STM32_WPAN.CFG_DEBUG_APP_TRACE=1
STM32_WPAN.CFG_DEBUG_TRACE_UART=hw_uart1
STM32_WPAN.CFG_FAST_CONN_ADV_INTERVAL_MIN=30
STM32_WPAN.CFG_FAST_CONN_ADV_INTERVAL_MIN_HEXA=0x30
STM32_WPAN.CFG_FIXED_PIN=585858
STM32_WPAN.CFG_HW_LPUART1_ENABLED=1
STM32_WPAN.CFG_HW_USART1_ENABLED=1
STM32_WPAN.CFG_LPM_SUPPORTED=1
STM32_WPAN.CFG_SC_SUPPORT=CFG_SECURE_MANDATORY
STM32_WPAN.CFG_TX_POWER=(0x1F) /* 6dBm */
STM32_WPAN.CFG_USE_SMPS=1
STM32_WPAN.IPParameters=LOCAL_NAME,LOCAL_NAME_FORMATTED,CFG_HW_LPUART1_ENABLED,CFG_DEBUG_TRACE_UART,CFG_LPM_SUPPORTED,CFG_HW_USART1_ENABLED,CFG_DEBUG_APP_TRACE,BLE_CFG_DIS_MODEL_NUMBER_STRING,BLE_CFG_DIS_SERIAL_NUMBER_STRING,BLE_CFG_DIS_HARDWARE_REVISION_STRING,BLE_CFG_DIS_FIRMWARE_REVISION_STRING,BLE_CFG_DIS_SOFTWARE_REVISION_STRING,BLE_CFG_SVC_MAX_NBR_CB,BLE_CFG_HRS_BODY_SENSOR_LOCATION_CHAR,BLE_CFG_HRS_ENERGY_EXPENDED_INFO_FLAG,CFG_USE_SMPS,CFG_TX_POWER,CFG_FAST_CONN_ADV_INTERVAL_MIN,CFG_FAST_CONN_ADV_INTERVAL_MIN_HEXA,CFG_BLE_NUM_GATT_SERVICES,CFG_BLE_MAX_TX_POWER,CFG_BLE_MIN_TX_POWER,CFG_FIXED_PIN,CFG_SC_SUPPORT,BLE_CFG_HRS_ENERGY_RR_INTERVAL_FLAG
STM32_WPAN.LOCAL_NAME=LAMBD
STM32_WPAN.LOCAL_NAME_FORMATTED=,'L','A','M','B','D'
TIM1.Channel-PWM\ Generation1\ CH1=TIM_CHANNEL_1
TIM1.IPParameters=Channel-PWM Generation1 CH1,Prescaler,Period
TIM1.Period=100
TIM1.Prescaler=31
TIM16.IPParameters=Prescaler,Period
TIM16.Period=999
TIM16.Prescaler=31
TIM2.Channel-PWM\ Generation1\ CH1=TIM_CHANNEL_1
TIM2.Channel-PWM\ Generation3\ CH3=TIM_CHANNEL_3
TIM2.Channel-PWM\ Generation4\ CH4=TIM_CHANNEL_4
TIM2.IPParameters=Channel-PWM Generation1 CH1,Channel-PWM Generation3 CH3,Channel-PWM Generation4 CH4,Prescaler,Period
TIM2.Period=255
TIM2.Prescaler=31
USART1.IPParameters=VirtualMode-Asynchronous
USART1.VirtualMode-Asynchronous=VM_ASYNC
VP_ADC1_Vref_Input.Mode=IN-Vrefint
VP_ADC1_Vref_Input.Signal=ADC1_Vref_Input
VP_FATFS_VS_Generic.Mode=User_defined
VP_FATFS_VS_Generic.Signal=FATFS_VS_Generic
VP_FREERTOS_VS_CMSIS_V2.Mode=CMSIS_V2
VP_FREERTOS_VS_CMSIS_V2.Signal=FREERTOS_VS_CMSIS_V2
VP_HSEM_VS_HSEM.Mode=HSEM_Activate
VP_HSEM_VS_HSEM.Signal=HSEM_VS_HSEM
VP_IPCC_VS_IPCC.Mode=IPCC_Activate
VP_IPCC_VS_IPCC.Signal=IPCC_VS_IPCC
VP_MEMORYMAP_VS_MEMORYMAP.Mode=CurAppReg
VP_MEMORYMAP_VS_MEMORYMAP.Signal=MEMORYMAP_VS_MEMORYMAP
VP_RNG_VS_RNG.Mode=RNG_Activate
VP_RNG_VS_RNG.Signal=RNG_VS_RNG
VP_RTC_VS_RTC_Activate.Mode=RTC_Enabled
VP_RTC_VS_RTC_Activate.Signal=RTC_VS_RTC_Activate
VP_RTC_VS_RTC_Calendar.Mode=RTC_Calendar
VP_RTC_VS_RTC_Calendar.Signal=RTC_VS_RTC_Calendar
VP_RTC_VS_RTC_WakeUp_intern.Mode=WakeUp
VP_RTC_VS_RTC_WakeUp_intern.Signal=RTC_VS_RTC_WakeUp_intern
VP_STM32_WPAN_VS_BLE_HOST.Mode=STM32_WPAN_Enabled
VP_STM32_WPAN_VS_BLE_HOST.Signal=STM32_WPAN_VS_BLE_HOST
VP_SYS_VS_tim17.Mode=TIM17
VP_SYS_VS_tim17.Signal=SYS_VS_tim17
VP_TIM16_VS_ClockSourceINT.Mode=Enable_Timer
VP_TIM16_VS_ClockSourceINT.Signal=TIM16_VS_ClockSourceINT
VP_TINY_LPM_VS_TINY_LPM.Mode=TINY_LPM_Enabled
VP_TINY_LPM_VS_TINY_LPM.Signal=TINY_LPM_VS_TINY_LPM
board=custom
rtos.0.ip=FREERTOS
isbadioc=false
